
Microsoft Visual Studio Solution File, Format Version 12.00
# Visual Studio Version 17
VisualStudioVersion = 17.14.36310.24
MinimumVisualStudioVersion = 10.0.40219.1
Project("{FAE04EC0-301F-11D3-BF4B-00C04F79EFBC}") = "appc", "appc.csproj", "{7D889D0F-D484-46A1-9F9D-AFD63FD01D8B}"
EndProject
Project("{2150E333-8FDC-42A3-9474-1A3956D46DE8}") = "Assets", "Assets", "{02EA681E-C7D8-13C7-8484-4AC65E1B71E8}"
EndProject
Project("{2150E333-8FDC-42A3-9474-1A3956D46DE8}") = "Icons", "Icons", "{29AFA0E3-C484-44D6-9AA1-B0232FA25BA5}"
	ProjectSection(SolutionItems) = preProject
		..\..\..\Pictures\mbb.ico = ..\..\..\Pictures\mbb.ico
	EndProjectSection
EndProject
Project("{54435603-DBB4-11D2-8724-00A0C9A8B90C}") = "SpilChat", "..\SpilChat\SpilChat.vdproj", "{7FCEFAB9-B7FD-739F-8680-0A4E39413C91}"
EndProject
Global
	GlobalSection(SolutionConfigurationPlatforms) = preSolution
		Debug|Any CPU = Debug|Any CPU
		Release|Any CPU = Release|Any CPU
	EndGlobalSection
	GlobalSection(ProjectConfigurationPlatforms) = postSolution
		{7D889D0F-D484-46A1-9F9D-AFD63FD01D8B}.Debug|Any CPU.ActiveCfg = Debug|Any CPU
		{7D889D0F-D484-46A1-9F9D-AFD63FD01D8B}.Debug|Any CPU.Build.0 = Debug|Any CPU
		{7D889D0F-D484-46A1-9F9D-AFD63FD01D8B}.Release|Any CPU.ActiveCfg = Release|Any CPU
		{7D889D0F-D484-46A1-9F9D-AFD63FD01D8B}.Release|Any CPU.Build.0 = Release|Any CPU
		{7FCEFAB9-B7FD-739F-8680-0A4E39413C91}.Debug|Any CPU.ActiveCfg = Debug
		{7FCEFAB9-B7FD-739F-8680-0A4E39413C91}.Release|Any CPU.ActiveCfg = Release
	EndGlobalSection
	GlobalSection(SolutionProperties) = preSolution
		HideSolutionNode = FALSE
	EndGlobalSection
	GlobalSection(NestedProjects) = preSolution
		{29AFA0E3-C484-44D6-9AA1-B0232FA25BA5} = {02EA681E-C7D8-13C7-8484-4AC65E1B71E8}
	EndGlobalSection
	GlobalSection(ExtensibilityGlobals) = postSolution
		SolutionGuid = {7878321F-EC80-4023-A231-B9C18D11CF43}
	EndGlobalSection
EndGlobal
